
Microsoft Visual Studio Solution File, Format Version 12.00
# Visual Studio Version 16
VisualStudioVersion = 16.0.30128.74
MinimumVisualStudioVersion = 10.0.40219.1
Project("{FAE04EC0-301F-11D3-BF4B-00C04F79EFBC}") = "MySql_Notes", "MySql_Notes\MySql_Notes.csproj", "{58E07F42-EE88-4DA4-8A5F-0FDC06192DB1}"
EndProject
Global
	GlobalSection(SolutionConfigurationPlatforms) = preSolution
		Debug|Any CPU = Debug|Any CPU
		Release|Any CPU = Release|Any CPU
	EndGlobalSection
	GlobalSection(ProjectConfigurationPlatforms) = postSolution
		{58E07F42-EE88-4DA4-8A5F-0FDC06192DB1}.Debug|Any CPU.ActiveCfg = Debug|Any CPU
		{58E07F42-EE88-4DA4-8A5F-0FDC06192DB1}.Debug|Any CPU.Build.0 = Debug|Any CPU
		{58E07F42-EE88-4DA4-8A5F-0FDC06192DB1}.Release|Any CPU.ActiveCfg = Release|Any CPU
		{58E07F42-EE88-4DA4-8A5F-0FDC06192DB1}.Release|Any CPU.Build.0 = Release|Any CPU
	EndGlobalSection
	GlobalSection(SolutionProperties) = preSolution
		HideSolutionNode = FALSE
	EndGlobalSection
	GlobalSection(ExtensibilityGlobals) = postSolution
		SolutionGuid = {2AEBFE18-657A-48FC-B20A-1F648DCCFC7E}
	EndGlobalSection
EndGlobal
